// !$*UTF8*$!
{
	archiveVersion = 1;
	classes = {
	};
	objectVersion = 46;
	objects = {

/* Begin PBXBuildFile section */
		DD0C178A16A51E3100627977 /* UIAlertViewWithoutDelegate.m in Sources */ = {isa = PBXBuildFile; fileRef = DD0C178916A51E3100627977 /* UIAlertViewWithoutDelegate.m */; };
		DD7BEFE416ABCC6E000276B4 /* ACAccountDetailViewController.m in Sources */ = {isa = PBXBuildFile; fileRef = DD7BEFE316ABCC6E000276B4 /* ACAccountDetailViewController.m */; };
		DD7BEFE816AC73FC000276B4 /* MusicManager.m in Sources */ = {isa = PBXBuildFile; fileRef = DD7BEFE716AC73FC000276B4 /* MusicManager.m */; };
		DD7BF00016AD9DB7000276B4 /* btn_post_setting_facebook.png in Resources */ = {isa = PBXBuildFile; fileRef = DD7BEFF416AD9DB7000276B4 /* btn_post_setting_facebook.png */; };
		DD7BF00116AD9DB7000276B4 /* btn_post_setting_facebook@2x.png in Resources */ = {isa = PBXBuildFile; fileRef = DD7BEFF516AD9DB7000276B4 /* btn_post_setting_facebook@2x.png */; };
		DD7BF00216AD9DB7000276B4 /* btn_post_setting_facebook_pushed.png in Resources */ = {isa = PBXBuildFile; fileRef = DD7BEFF616AD9DB7000276B4 /* btn_post_setting_facebook_pushed.png */; };
		DD7BF00316AD9DB7000276B4 /* btn_post_setting_facebook_pushed@2x.png in Resources */ = {isa = PBXBuildFile; fileRef = DD7BEFF716AD9DB7000276B4 /* btn_post_setting_facebook_pushed@2x.png */; };
		DD7BF00416AD9DB7000276B4 /* btn_post_setting_submit.png in Resources */ = {isa = PBXBuildFile; fileRef = DD7BEFF816AD9DB7000276B4 /* btn_post_setting_submit.png */; };
		DD7BF00516AD9DB7000276B4 /* btn_post_setting_submit@2x.png in Resources */ = {isa = PBXBuildFile; fileRef = DD7BEFF916AD9DB7000276B4 /* btn_post_setting_submit@2x.png */; };
		DD7BF00616AD9DB7000276B4 /* btn_post_setting_submit_pushed.png in Resources */ = {isa = PBXBuildFile; fileRef = DD7BEFFA16AD9DB7000276B4 /* btn_post_setting_submit_pushed.png */; };
		DD7BF00716AD9DB7000276B4 /* btn_post_setting_submit_pushed@2x.png in Resources */ = {isa = PBXBuildFile; fileRef = DD7BEFFB16AD9DB7000276B4 /* btn_post_setting_submit_pushed@2x.png */; };
		DD7BF00816AD9DB7000276B4 /* btn_post_setting_twitter.png in Resources */ = {isa = PBXBuildFile; fileRef = DD7BEFFC16AD9DB7000276B4 /* btn_post_setting_twitter.png */; };
		DD7BF00916AD9DB7000276B4 /* btn_post_setting_twitter@2x.png in Resources */ = {isa = PBXBuildFile; fileRef = DD7BEFFD16AD9DB7000276B4 /* btn_post_setting_twitter@2x.png */; };
		DD7BF00A16AD9DB7000276B4 /* btn_post_setting_twitter_pushed.png in Resources */ = {isa = PBXBuildFile; fileRef = DD7BEFFE16AD9DB7000276B4 /* btn_post_setting_twitter_pushed.png */; };
		DD7BF00B16AD9DB7000276B4 /* btn_post_setting_twitter_pushed@2x.png in Resources */ = {isa = PBXBuildFile; fileRef = DD7BEFFF16AD9DB7000276B4 /* btn_post_setting_twitter_pushed@2x.png */; };
		DDDCB6B716A172EF00461FD0 /* UIKit.framework in Frameworks */ = {isa = PBXBuildFile; fileRef = DDDCB6B616A172EF00461FD0 /* UIKit.framework */; };
		DDDCB6B916A172EF00461FD0 /* Foundation.framework in Frameworks */ = {isa = PBXBuildFile; fileRef = DDDCB6B816A172EF00461FD0 /* Foundation.framework */; };
		DDDCB6BB16A172EF00461FD0 /* CoreGraphics.framework in Frameworks */ = {isa = PBXBuildFile; fileRef = DDDCB6BA16A172EF00461FD0 /* CoreGraphics.framework */; };
		DDDCB6C116A172EF00461FD0 /* InfoPlist.strings in Resources */ = {isa = PBXBuildFile; fileRef = DDDCB6BF16A172EF00461FD0 /* InfoPlist.strings */; };
		DDDCB6C316A172EF00461FD0 /* main.m in Sources */ = {isa = PBXBuildFile; fileRef = DDDCB6C216A172EF00461FD0 /* main.m */; };
		DDDCB6C716A172EF00461FD0 /* SFStudyAppDelegate.m in Sources */ = {isa = PBXBuildFile; fileRef = DDDCB6C616A172EF00461FD0 /* SFStudyAppDelegate.m */; };
		DDDCB6C916A172EF00461FD0 /* Default.png in Resources */ = {isa = PBXBuildFile; fileRef = DDDCB6C816A172EF00461FD0 /* Default.png */; };
		DDDCB6CB16A172EF00461FD0 /* Default@2x.png in Resources */ = {isa = PBXBuildFile; fileRef = DDDCB6CA16A172EF00461FD0 /* Default@2x.png */; };
		DDDCB6CD16A172EF00461FD0 /* Default-568h@2x.png in Resources */ = {isa = PBXBuildFile; fileRef = DDDCB6CC16A172EF00461FD0 /* Default-568h@2x.png */; };
		DDDCB6D016A172EF00461FD0 /* MainStoryboard.storyboard in Resources */ = {isa = PBXBuildFile; fileRef = DDDCB6CE16A172EF00461FD0 /* MainStoryboard.storyboard */; };
		DDDCB6D316A172EF00461FD0 /* SFStudyViewController.m in Sources */ = {isa = PBXBuildFile; fileRef = DDDCB6D216A172EF00461FD0 /* SFStudyViewController.m */; };
		DDDCB6DA16A1771C00461FD0 /* MediaPlayer.framework in Frameworks */ = {isa = PBXBuildFile; fileRef = DDDCB6D916A1771C00461FD0 /* MediaPlayer.framework */; };
		DDDCB6DC16A1772400461FD0 /* Social.framework in Frameworks */ = {isa = PBXBuildFile; fileRef = DDDCB6DB16A1772400461FD0 /* Social.framework */; };
		DDDCB6DE16A1772C00461FD0 /* Twitter.framework in Frameworks */ = {isa = PBXBuildFile; fileRef = DDDCB6DD16A1772C00461FD0 /* Twitter.framework */; };
		DDDCB6E016A1773800461FD0 /* Accounts.framework in Frameworks */ = {isa = PBXBuildFile; fileRef = DDDCB6DF16A1773800461FD0 /* Accounts.framework */; };
		DDDCB6F616A19EF600461FD0 /* TWSignedRequest.m in Sources */ = {isa = PBXBuildFile; fileRef = DDDCB6EE16A19EF600461FD0 /* TWSignedRequest.m */; };
		DDDCB6F716A19EF600461FD0 /* NSData+Base64.m in Sources */ = {isa = PBXBuildFile; fileRef = DDDCB6F116A19EF600461FD0 /* NSData+Base64.m */; settings = {COMPILER_FLAGS = "-fno-objc-arc"; }; };
		DDDCB6F816A19EF600461FD0 /* OAuth+Additions.m in Sources */ = {isa = PBXBuildFile; fileRef = DDDCB6F316A19EF600461FD0 /* OAuth+Additions.m */; settings = {COMPILER_FLAGS = "-fno-objc-arc"; }; };
		DDDCB6F916A19EF600461FD0 /* OAuthCore.m in Sources */ = {isa = PBXBuildFile; fileRef = DDDCB6F516A19EF600461FD0 /* OAuthCore.m */; settings = {COMPILER_FLAGS = "-fno-objc-arc"; }; };
		DDDCB6FE16A1B1FF00461FD0 /* SVProgressHUD.bundle in Resources */ = {isa = PBXBuildFile; fileRef = DDDCB6FB16A1B1FF00461FD0 /* SVProgressHUD.bundle */; };
		DDDCB6FF16A1B1FF00461FD0 /* SVProgressHUD.m in Sources */ = {isa = PBXBuildFile; fileRef = DDDCB6FD16A1B1FF00461FD0 /* SVProgressHUD.m */; };
/* End PBXBuildFile section */

/* Begin PBXFileReference section */
		DD0C178816A51E3100627977 /* UIAlertViewWithoutDelegate.h */ = {isa = PBXFileReference; fileEncoding = 4; lastKnownFileType = sourcecode.c.h; path = UIAlertViewWithoutDelegate.h; sourceTree = "<group>"; };
		DD0C178916A51E3100627977 /* UIAlertViewWithoutDelegate.m */ = {isa = PBXFileReference; fileEncoding = 4; lastKnownFileType = sourcecode.c.objc; path = UIAlertViewWithoutDelegate.m; sourceTree = "<group>"; };
		DD7BEFE216ABCC6E000276B4 /* ACAccountDetailViewController.h */ = {isa = PBXFileReference; fileEncoding = 4; lastKnownFileType = sourcecode.c.h; path = ACAccountDetailViewController.h; sourceTree = "<group>"; };
		DD7BEFE316ABCC6E000276B4 /* ACAccountDetailViewController.m */ = {isa = PBXFileReference; fileEncoding = 4; lastKnownFileType = sourcecode.c.objc; path = ACAccountDetailViewController.m; sourceTree = "<group>"; };
		DD7BEFE616AC73FC000276B4 /* MusicManager.h */ = {isa = PBXFileReference; fileEncoding = 4; lastKnownFileType = sourcecode.c.h; path = MusicManager.h; sourceTree = "<group>"; };
		DD7BEFE716AC73FC000276B4 /* MusicManager.m */ = {isa = PBXFileReference; fileEncoding = 4; lastKnownFileType = sourcecode.c.objc; path = MusicManager.m; sourceTree = "<group>"; };
		DD7BEFF416AD9DB7000276B4 /* btn_post_setting_facebook.png */ = {isa = PBXFileReference; lastKnownFileType = image.png; path = btn_post_setting_facebook.png; sourceTree = "<group>"; };
		DD7BEFF516AD9DB7000276B4 /* btn_post_setting_facebook@2x.png */ = {isa = PBXFileReference; lastKnownFileType = image.png; path = "btn_post_setting_facebook@2x.png"; sourceTree = "<group>"; };
		DD7BEFF616AD9DB7000276B4 /* btn_post_setting_facebook_pushed.png */ = {isa = PBXFileReference; lastKnownFileType = image.png; path = btn_post_setting_facebook_pushed.png; sourceTree = "<group>"; };
		DD7BEFF716AD9DB7000276B4 /* btn_post_setting_facebook_pushed@2x.png */ = {isa = PBXFileReference; lastKnownFileType = image.png; path = "btn_post_setting_facebook_pushed@2x.png"; sourceTree = "<group>"; };
		DD7BEFF816AD9DB7000276B4 /* btn_post_setting_submit.png */ = {isa = PBXFileReference; lastKnownFileType = image.png; path = btn_post_setting_submit.png; sourceTree = "<group>"; };
		DD7BEFF916AD9DB7000276B4 /* btn_post_setting_submit@2x.png */ = {isa = PBXFileReference; lastKnownFileType = image.png; path = "btn_post_setting_submit@2x.png"; sourceTree = "<group>"; };
		DD7BEFFA16AD9DB7000276B4 /* btn_post_setting_submit_pushed.png */ = {isa = PBXFileReference; lastKnownFileType = image.png; path = btn_post_setting_submit_pushed.png; sourceTree = "<group>"; };
		DD7BEFFB16AD9DB7000276B4 /* btn_post_setting_submit_pushed@2x.png */ = {isa = PBXFileReference; lastKnownFileType = image.png; path = "btn_post_setting_submit_pushed@2x.png"; sourceTree = "<group>"; };
		DD7BEFFC16AD9DB7000276B4 /* btn_post_setting_twitter.png */ = {isa = PBXFileReference; lastKnownFileType = image.png; path = btn_post_setting_twitter.png; sourceTree = "<group>"; };
		DD7BEFFD16AD9DB7000276B4 /* btn_post_setting_twitter@2x.png */ = {isa = PBXFileReference; lastKnownFileType = image.png; path = "btn_post_setting_twitter@2x.png"; sourceTree = "<group>"; };
		DD7BEFFE16AD9DB7000276B4 /* btn_post_setting_twitter_pushed.png */ = {isa = PBXFileReference; lastKnownFileType = image.png; path = btn_post_setting_twitter_pushed.png; sourceTree = "<group>"; };
		DD7BEFFF16AD9DB7000276B4 /* btn_post_setting_twitter_pushed@2x.png */ = {isa = PBXFileReference; lastKnownFileType = image.png; path = "btn_post_setting_twitter_pushed@2x.png"; sourceTree = "<group>"; };
		DDDCB6B216A172EF00461FD0 /* Socialframework_Study.app */ = {isa = PBXFileReference; explicitFileType = wrapper.application; includeInIndex = 0; path = Socialframework_Study.app; sourceTree = BUILT_PRODUCTS_DIR; };
		DDDCB6B616A172EF00461FD0 /* UIKit.framework */ = {isa = PBXFileReference; lastKnownFileType = wrapper.framework; name = UIKit.framework; path = System/Library/Frameworks/UIKit.framework; sourceTree = SDKROOT; };
		DDDCB6B816A172EF00461FD0 /* Foundation.framework */ = {isa = PBXFileReference; lastKnownFileType = wrapper.framework; name = Foundation.framework; path = System/Library/Frameworks/Foundation.framework; sourceTree = SDKROOT; };
		DDDCB6BA16A172EF00461FD0 /* CoreGraphics.framework */ = {isa = PBXFileReference; lastKnownFileType = wrapper.framework; name = CoreGraphics.framework; path = System/Library/Frameworks/CoreGraphics.framework; sourceTree = SDKROOT; };
		DDDCB6BE16A172EF00461FD0 /* Socialframework_Study-Info.plist */ = {isa = PBXFileReference; lastKnownFileType = text.plist.xml; path = "Socialframework_Study-Info.plist"; sourceTree = "<group>"; };
		DDDCB6C016A172EF00461FD0 /* en */ = {isa = PBXFileReference; lastKnownFileType = text.plist.strings; name = en; path = en.lproj/InfoPlist.strings; sourceTree = "<group>"; };
		DDDCB6C216A172EF00461FD0 /* main.m */ = {isa = PBXFileReference; lastKnownFileType = sourcecode.c.objc; path = main.m; sourceTree = "<group>"; };
		DDDCB6C416A172EF00461FD0 /* Socialframework_Study-Prefix.pch */ = {isa = PBXFileReference; lastKnownFileType = sourcecode.c.h; path = "Socialframework_Study-Prefix.pch"; sourceTree = "<group>"; };
		DDDCB6C516A172EF00461FD0 /* SFStudyAppDelegate.h */ = {isa = PBXFileReference; lastKnownFileType = sourcecode.c.h; path = SFStudyAppDelegate.h; sourceTree = "<group>"; };
		DDDCB6C616A172EF00461FD0 /* SFStudyAppDelegate.m */ = {isa = PBXFileReference; lastKnownFileType = sourcecode.c.objc; path = SFStudyAppDelegate.m; sourceTree = "<group>"; };
		DDDCB6C816A172EF00461FD0 /* Default.png */ = {isa = PBXFileReference; lastKnownFileType = image.png; path = Default.png; sourceTree = "<group>"; };
		DDDCB6CA16A172EF00461FD0 /* Default@2x.png */ = {isa = PBXFileReference; lastKnownFileType = image.png; path = "Default@2x.png"; sourceTree = "<group>"; };
		DDDCB6CC16A172EF00461FD0 /* Default-568h@2x.png */ = {isa = PBXFileReference; lastKnownFileType = image.png; path = "Default-568h@2x.png"; sourceTree = "<group>"; };
		DDDCB6CF16A172EF00461FD0 /* en */ = {isa = PBXFileReference; lastKnownFileType = file.storyboard; name = en; path = en.lproj/MainStoryboard.storyboard; sourceTree = "<group>"; };
		DDDCB6D116A172EF00461FD0 /* SFStudyViewController.h */ = {isa = PBXFileReference; lastKnownFileType = sourcecode.c.h; path = SFStudyViewController.h; sourceTree = "<group>"; };
		DDDCB6D216A172EF00461FD0 /* SFStudyViewController.m */ = {isa = PBXFileReference; lastKnownFileType = sourcecode.c.objc; path = SFStudyViewController.m; sourceTree = "<group>"; };
		DDDCB6D916A1771C00461FD0 /* MediaPlayer.framework */ = {isa = PBXFileReference; lastKnownFileType = wrapper.framework; name = MediaPlayer.framework; path = System/Library/Frameworks/MediaPlayer.framework; sourceTree = SDKROOT; };
		DDDCB6DB16A1772400461FD0 /* Social.framework */ = {isa = PBXFileReference; lastKnownFileType = wrapper.framework; name = Social.framework; path = System/Library/Frameworks/Social.framework; sourceTree = SDKROOT; };
		DDDCB6DD16A1772C00461FD0 /* Twitter.framework */ = {isa = PBXFileReference; lastKnownFileType = wrapper.framework; name = Twitter.framework; path = System/Library/Frameworks/Twitter.framework; sourceTree = SDKROOT; };
		DDDCB6DF16A1773800461FD0 /* Accounts.framework */ = {isa = PBXFileReference; lastKnownFileType = wrapper.framework; name = Accounts.framework; path = System/Library/Frameworks/Accounts.framework; sourceTree = SDKROOT; };
		DDDCB6ED16A19EF600461FD0 /* TWSignedRequest.h */ = {isa = PBXFileReference; fileEncoding = 4; lastKnownFileType = sourcecode.c.h; name = TWSignedRequest.h; path = TWReverseAuth/Source/Classes/TWSignedRequest.h; sourceTree = "<group>"; };
		DDDCB6EE16A19EF600461FD0 /* TWSignedRequest.m */ = {isa = PBXFileReference; fileEncoding = 4; lastKnownFileType = sourcecode.c.objc; name = TWSignedRequest.m; path = TWReverseAuth/Source/Classes/TWSignedRequest.m; sourceTree = "<group>"; };
		DDDCB6F016A19EF600461FD0 /* NSData+Base64.h */ = {isa = PBXFileReference; fileEncoding = 4; lastKnownFileType = sourcecode.c.h; path = "NSData+Base64.h"; sourceTree = "<group>"; };
		DDDCB6F116A19EF600461FD0 /* NSData+Base64.m */ = {isa = PBXFileReference; fileEncoding = 4; lastKnownFileType = sourcecode.c.objc; path = "NSData+Base64.m"; sourceTree = "<group>"; };
		DDDCB6F216A19EF600461FD0 /* OAuth+Additions.h */ = {isa = PBXFileReference; fileEncoding = 4; lastKnownFileType = sourcecode.c.h; path = "OAuth+Additions.h"; sourceTree = "<group>"; };
		DDDCB6F316A19EF600461FD0 /* OAuth+Additions.m */ = {isa = PBXFileReference; fileEncoding = 4; lastKnownFileType = sourcecode.c.objc; path = "OAuth+Additions.m"; sourceTree = "<group>"; };
		DDDCB6F416A19EF600461FD0 /* OAuthCore.h */ = {isa = PBXFileReference; fileEncoding = 4; lastKnownFileType = sourcecode.c.h; path = OAuthCore.h; sourceTree = "<group>"; };
		DDDCB6F516A19EF600461FD0 /* OAuthCore.m */ = {isa = PBXFileReference; fileEncoding = 4; lastKnownFileType = sourcecode.c.objc; path = OAuthCore.m; sourceTree = "<group>"; };
		DDDCB6FB16A1B1FF00461FD0 /* SVProgressHUD.bundle */ = {isa = PBXFileReference; lastKnownFileType = "wrapper.plug-in"; path = SVProgressHUD.bundle; sourceTree = "<group>"; };
		DDDCB6FC16A1B1FF00461FD0 /* SVProgressHUD.h */ = {isa = PBXFileReference; fileEncoding = 4; lastKnownFileType = sourcecode.c.h; path = SVProgressHUD.h; sourceTree = "<group>"; };
		DDDCB6FD16A1B1FF00461FD0 /* SVProgressHUD.m */ = {isa = PBXFileReference; fileEncoding = 4; lastKnownFileType = sourcecode.c.objc; path = SVProgressHUD.m; sourceTree = "<group>"; };
/* End PBXFileReference section */

/* Begin PBXFrameworksBuildPhase section */
		DDDCB6AF16A172EF00461FD0 /* Frameworks */ = {
			isa = PBXFrameworksBuildPhase;
			buildActionMask = 2147483647;
			files = (
				DDDCB6E016A1773800461FD0 /* Accounts.framework in Frameworks */,
				DDDCB6DE16A1772C00461FD0 /* Twitter.framework in Frameworks */,
				DDDCB6DC16A1772400461FD0 /* Social.framework in Frameworks */,
				DDDCB6DA16A1771C00461FD0 /* MediaPlayer.framework in Frameworks */,
				DDDCB6B716A172EF00461FD0 /* UIKit.framework in Frameworks */,
				DDDCB6B916A172EF00461FD0 /* Foundation.framework in Frameworks */,
				DDDCB6BB16A172EF00461FD0 /* CoreGraphics.framework in Frameworks */,
			);
			runOnlyForDeploymentPostprocessing = 0;
		};
/* End PBXFrameworksBuildPhase section */

/* Begin PBXGroup section */
		DD7BEFF316AD9DB7000276B4 /* image */ = {
			isa = PBXGroup;
			children = (
				DD7BEFF416AD9DB7000276B4 /* btn_post_setting_facebook.png */,
				DD7BEFF516AD9DB7000276B4 /* btn_post_setting_facebook@2x.png */,
				DD7BEFF616AD9DB7000276B4 /* btn_post_setting_facebook_pushed.png */,
				DD7BEFF716AD9DB7000276B4 /* btn_post_setting_facebook_pushed@2x.png */,
				DD7BEFF816AD9DB7000276B4 /* btn_post_setting_submit.png */,
				DD7BEFF916AD9DB7000276B4 /* btn_post_setting_submit@2x.png */,
				DD7BEFFA16AD9DB7000276B4 /* btn_post_setting_submit_pushed.png */,
				DD7BEFFB16AD9DB7000276B4 /* btn_post_setting_submit_pushed@2x.png */,
				DD7BEFFC16AD9DB7000276B4 /* btn_post_setting_twitter.png */,
				DD7BEFFD16AD9DB7000276B4 /* btn_post_setting_twitter@2x.png */,
				DD7BEFFE16AD9DB7000276B4 /* btn_post_setting_twitter_pushed.png */,
				DD7BEFFF16AD9DB7000276B4 /* btn_post_setting_twitter_pushed@2x.png */,
			);
			path = image;
			sourceTree = "<group>";
		};
		DDDCB6A716A172EE00461FD0 = {
			isa = PBXGroup;
			children = (
				DDDCB6FA16A1B1FF00461FD0 /* SVProgressHUD */,
				DDDCB6EC16A19E4200461FD0 /* TWReverseAuth */,
				DDDCB6BC16A172EF00461FD0 /* Socialframework_Study */,
				DDDCB6B516A172EF00461FD0 /* Frameworks */,
				DDDCB6B316A172EF00461FD0 /* Products */,
			);
			sourceTree = "<group>";
		};
		DDDCB6B316A172EF00461FD0 /* Products */ = {
			isa = PBXGroup;
			children = (
				DDDCB6B216A172EF00461FD0 /* Socialframework_Study.app */,
			);
			name = Products;
			sourceTree = "<group>";
		};
		DDDCB6B516A172EF00461FD0 /* Frameworks */ = {
			isa = PBXGroup;
			children = (
				DDDCB6DF16A1773800461FD0 /* Accounts.framework */,
				DDDCB6DD16A1772C00461FD0 /* Twitter.framework */,
				DDDCB6DB16A1772400461FD0 /* Social.framework */,
				DDDCB6D916A1771C00461FD0 /* MediaPlayer.framework */,
				DDDCB6B616A172EF00461FD0 /* UIKit.framework */,
				DDDCB6B816A172EF00461FD0 /* Foundation.framework */,
				DDDCB6BA16A172EF00461FD0 /* CoreGraphics.framework */,
			);
			name = Frameworks;
			sourceTree = "<group>";
		};
		DDDCB6BC16A172EF00461FD0 /* Socialframework_Study */ = {
			isa = PBXGroup;
			children = (
				DDDCB6CE16A172EF00461FD0 /* MainStoryboard.storyboard */,
				DDDCB6C516A172EF00461FD0 /* SFStudyAppDelegate.h */,
				DDDCB6C616A172EF00461FD0 /* SFStudyAppDelegate.m */,
				DDDCB6D116A172EF00461FD0 /* SFStudyViewController.h */,
				DDDCB6D216A172EF00461FD0 /* SFStudyViewController.m */,
				DDDCB6BD16A172EF00461FD0 /* Supporting Files */,
				DD0C178816A51E3100627977 /* UIAlertViewWithoutDelegate.h */,
				DD0C178916A51E3100627977 /* UIAlertViewWithoutDelegate.m */,
				DD7BEFE216ABCC6E000276B4 /* ACAccountDetailViewController.h */,
				DD7BEFE316ABCC6E000276B4 /* ACAccountDetailViewController.m */,
				DD7BEFE616AC73FC000276B4 /* MusicManager.h */,
				DD7BEFE716AC73FC000276B4 /* MusicManager.m */,
				DD7BEFF316AD9DB7000276B4 /* image */,
			);
			path = Socialframework_Study;
			sourceTree = "<group>";
		};
		DDDCB6BD16A172EF00461FD0 /* Supporting Files */ = {
			isa = PBXGroup;
			children = (
				DDDCB6BE16A172EF00461FD0 /* Socialframework_Study-Info.plist */,
				DDDCB6BF16A172EF00461FD0 /* InfoPlist.strings */,
				DDDCB6C216A172EF00461FD0 /* main.m */,
				DDDCB6C416A172EF00461FD0 /* Socialframework_Study-Prefix.pch */,
				DDDCB6C816A172EF00461FD0 /* Default.png */,
				DDDCB6CA16A172EF00461FD0 /* Default@2x.png */,
				DDDCB6CC16A172EF00461FD0 /* Default-568h@2x.png */,
			);
			name = "Supporting Files";
			sourceTree = "<group>";
		};
		DDDCB6EC16A19E4200461FD0 /* TWReverseAuth */ = {
			isa = PBXGroup;
			children = (
				DDDCB6ED16A19EF600461FD0 /* TWSignedRequest.h */,
				DDDCB6EE16A19EF600461FD0 /* TWSignedRequest.m */,
				DDDCB6EF16A19EF600461FD0 /* ABOAuthCore */,
			);
			name = TWReverseAuth;
			sourceTree = "<group>";
		};
		DDDCB6EF16A19EF600461FD0 /* ABOAuthCore */ = {
			isa = PBXGroup;
			children = (
				DDDCB6F016A19EF600461FD0 /* NSData+Base64.h */,
				DDDCB6F116A19EF600461FD0 /* NSData+Base64.m */,
				DDDCB6F216A19EF600461FD0 /* OAuth+Additions.h */,
				DDDCB6F316A19EF600461FD0 /* OAuth+Additions.m */,
				DDDCB6F416A19EF600461FD0 /* OAuthCore.h */,
				DDDCB6F516A19EF600461FD0 /* OAuthCore.m */,
			);
			name = ABOAuthCore;
			path = TWReverseAuth/Source/Vendor/ABOAuthCore;
			sourceTree = "<group>";
		};
		DDDCB6FA16A1B1FF00461FD0 /* SVProgressHUD */ = {
			isa = PBXGroup;
			children = (
				DDDCB6FB16A1B1FF00461FD0 /* SVProgressHUD.bundle */,
				DDDCB6FC16A1B1FF00461FD0 /* SVProgressHUD.h */,
				DDDCB6FD16A1B1FF00461FD0 /* SVProgressHUD.m */,
			);
			path = SVProgressHUD;
			sourceTree = "<group>";
		};
/* End PBXGroup section */

/* Begin PBXNativeTarget section */
		DDDCB6B116A172EF00461FD0 /* Socialframework_Study */ = {
			isa = PBXNativeTarget;
			buildConfigurationList = DDDCB6D616A172EF00461FD0 /* Build configuration list for PBXNativeTarget "Socialframework_Study" */;
			buildPhases = (
				DDDCB6AE16A172EF00461FD0 /* Sources */,
				DDDCB6AF16A172EF00461FD0 /* Frameworks */,
				DDDCB6B016A172EF00461FD0 /* Resources */,
			);
			buildRules = (
			);
			dependencies = (
			);
			name = Socialframework_Study;
			productName = Socialframework_Study;
			productReference = DDDCB6B216A172EF00461FD0 /* Socialframework_Study.app */;
			productType = "com.apple.product-type.application";
		};
/* End PBXNativeTarget section */

/* Begin PBXProject section */
		DDDCB6A916A172EE00461FD0 /* Project object */ = {
			isa = PBXProject;
			attributes = {
				CLASSPREFIX = SFStudy;
				LastUpgradeCheck = 0450;
				ORGANIZATIONNAME = "黒田 樹";
			};
			buildConfigurationList = DDDCB6AC16A172EE00461FD0 /* Build configuration list for PBXProject "Socialframework_Study" */;
			compatibilityVersion = "Xcode 3.2";
			developmentRegion = English;
			hasScannedForEncodings = 0;
			knownRegions = (
				en,
			);
			mainGroup = DDDCB6A716A172EE00461FD0;
			productRefGroup = DDDCB6B316A172EF00461FD0 /* Products */;
			projectDirPath = "";
			projectRoot = "";
			targets = (
				DDDCB6B116A172EF00461FD0 /* Socialframework_Study */,
			);
		};
/* End PBXProject section */

/* Begin PBXResourcesBuildPhase section */
		DDDCB6B016A172EF00461FD0 /* Resources */ = {
			isa = PBXResourcesBuildPhase;
			buildActionMask = 2147483647;
			files = (
				DDDCB6C116A172EF00461FD0 /* InfoPlist.strings in Resources */,
				DDDCB6C916A172EF00461FD0 /* Default.png in Resources */,
				DDDCB6CB16A172EF00461FD0 /* Default@2x.png in Resources */,
				DDDCB6CD16A172EF00461FD0 /* Default-568h@2x.png in Resources */,
				DDDCB6D016A172EF00461FD0 /* MainStoryboard.storyboard in Resources */,
				DDDCB6FE16A1B1FF00461FD0 /* SVProgressHUD.bundle in Resources */,
				DD7BF00016AD9DB7000276B4 /* btn_post_setting_facebook.png in Resources */,
				DD7BF00116AD9DB7000276B4 /* btn_post_setting_facebook@2x.png in Resources */,
				DD7BF00216AD9DB7000276B4 /* btn_post_setting_facebook_pushed.png in Resources */,
				DD7BF00316AD9DB7000276B4 /* btn_post_setting_facebook_pushed@2x.png in Resources */,
				DD7BF00416AD9DB7000276B4 /* btn_post_setting_submit.png in Resources */,
				DD7BF00516AD9DB7000276B4 /* btn_post_setting_submit@2x.png in Resources */,
				DD7BF00616AD9DB7000276B4 /* btn_post_setting_submit_pushed.png in Resources */,
				DD7BF00716AD9DB7000276B4 /* btn_post_setting_submit_pushed@2x.png in Resources */,
				DD7BF00816AD9DB7000276B4 /* btn_post_setting_twitter.png in Resources */,
				DD7BF00916AD9DB7000276B4 /* btn_post_setting_twitter@2x.png in Resources */,
				DD7BF00A16AD9DB7000276B4 /* btn_post_setting_twitter_pushed.png in Resources */,
				DD7BF00B16AD9DB7000276B4 /* btn_post_setting_twitter_pushed@2x.png in Resources */,
			);
			runOnlyForDeploymentPostprocessing = 0;
		};
/* End PBXResourcesBuildPhase section */

/* Begin PBXSourcesBuildPhase section */
		DDDCB6AE16A172EF00461FD0 /* Sources */ = {
			isa = PBXSourcesBuildPhase;
			buildActionMask = 2147483647;
			files = (
				DDDCB6C316A172EF00461FD0 /* main.m in Sources */,
				DDDCB6C716A172EF00461FD0 /* SFStudyAppDelegate.m in Sources */,
				DDDCB6D316A172EF00461FD0 /* SFStudyViewController.m in Sources */,
				DDDCB6F616A19EF600461FD0 /* TWSignedRequest.m in Sources */,
				DDDCB6F716A19EF600461FD0 /* NSData+Base64.m in Sources */,
				DDDCB6F816A19EF600461FD0 /* OAuth+Additions.m in Sources */,
				DDDCB6F916A19EF600461FD0 /* OAuthCore.m in Sources */,
				DDDCB6FF16A1B1FF00461FD0 /* SVProgressHUD.m in Sources */,
				DD0C178A16A51E3100627977 /* UIAlertViewWithoutDelegate.m in Sources */,
				DD7BEFE416ABCC6E000276B4 /* ACAccountDetailViewController.m in Sources */,
				DD7BEFE816AC73FC000276B4 /* MusicManager.m in Sources */,
			);
			runOnlyForDeploymentPostprocessing = 0;
		};
/* End PBXSourcesBuildPhase section */

/* Begin PBXVariantGroup section */
		DDDCB6BF16A172EF00461FD0 /* InfoPlist.strings */ = {
			isa = PBXVariantGroup;
			children = (
				DDDCB6C016A172EF00461FD0 /* en */,
			);
			name = InfoPlist.strings;
			sourceTree = "<group>";
		};
		DDDCB6CE16A172EF00461FD0 /* MainStoryboard.storyboard */ = {
			isa = PBXVariantGroup;
			children = (
				DDDCB6CF16A172EF00461FD0 /* en */,
			);
			name = MainStoryboard.storyboard;
			sourceTree = "<group>";
		};
/* End PBXVariantGroup section */

/* Begin XCBuildConfiguration section */
		DDDCB6D416A172EF00461FD0 /* Debug */ = {
			isa = XCBuildConfiguration;
			buildSettings = {
				ALWAYS_SEARCH_USER_PATHS = NO;
				CLANG_CXX_LANGUAGE_STANDARD = "gnu++0x";
				CLANG_CXX_LIBRARY = "libc++";
				CLANG_ENABLE_OBJC_ARC = YES;
				CLANG_WARN_EMPTY_BODY = YES;
				CLANG_WARN__DUPLICATE_METHOD_MATCH = YES;
				"CODE_SIGN_IDENTITY[sdk=iphoneos*]" = "iPhone Developer";
				COPY_PHASE_STRIP = NO;
				GCC_C_LANGUAGE_STANDARD = gnu99;
				GCC_DYNAMIC_NO_PIC = NO;
				GCC_OPTIMIZATION_LEVEL = 0;
				GCC_PREPROCESSOR_DEFINITIONS = (
					"DEBUG=1",
					"$(inherited)",
				);
				GCC_SYMBOLS_PRIVATE_EXTERN = NO;
				GCC_WARN_ABOUT_RETURN_TYPE = YES;
				GCC_WARN_UNINITIALIZED_AUTOS = YES;
				GCC_WARN_UNUSED_VARIABLE = YES;
				IPHONEOS_DEPLOYMENT_TARGET = 6.0;
				SDKROOT = iphoneos;
			};
			name = Debug;
		};
		DDDCB6D516A172EF00461FD0 /* Release */ = {
			isa = XCBuildConfiguration;
			buildSettings = {
				ALWAYS_SEARCH_USER_PATHS = NO;
				CLANG_CXX_LANGUAGE_STANDARD = "gnu++0x";
				CLANG_CXX_LIBRARY = "libc++";
				CLANG_ENABLE_OBJC_ARC = YES;
				CLANG_WARN_EMPTY_BODY = YES;
				CLANG_WARN__DUPLICATE_METHOD_MATCH = YES;
				"CODE_SIGN_IDENTITY[sdk=iphoneos*]" = "iPhone Developer";
				COPY_PHASE_STRIP = YES;
				GCC_C_LANGUAGE_STANDARD = gnu99;
				GCC_WARN_ABOUT_RETURN_TYPE = YES;
				GCC_WARN_UNINITIALIZED_AUTOS = YES;
				GCC_WARN_UNUSED_VARIABLE = YES;
				IPHONEOS_DEPLOYMENT_TARGET = 6.0;
				OTHER_CFLAGS = "-DNS_BLOCK_ASSERTIONS=1";
				SDKROOT = iphoneos;
				VALIDATE_PRODUCT = YES;
			};
			name = Release;
		};
		DDDCB6D716A172EF00461FD0 /* Debug */ = {
			isa = XCBuildConfiguration;
			buildSettings = {
				GCC_PRECOMPILE_PREFIX_HEADER = YES;
				GCC_PREFIX_HEADER = "Socialframework_Study/Socialframework_Study-Prefix.pch";
				INFOPLIST_FILE = "Socialframework_Study/Socialframework_Study-Info.plist";
				IPHONEOS_DEPLOYMENT_TARGET = 6.0;
				PRODUCT_NAME = "$(TARGET_NAME)";
				WRAPPER_EXTENSION = app;
			};
			name = Debug;
		};
		DDDCB6D816A172EF00461FD0 /* Release */ = {
			isa = XCBuildConfiguration;
			buildSettings = {
				GCC_PRECOMPILE_PREFIX_HEADER = YES;
				GCC_PREFIX_HEADER = "Socialframework_Study/Socialframework_Study-Prefix.pch";
				INFOPLIST_FILE = "Socialframework_Study/Socialframework_Study-Info.plist";
				IPHONEOS_DEPLOYMENT_TARGET = 6.0;
				PRODUCT_NAME = "$(TARGET_NAME)";
				WRAPPER_EXTENSION = app;
			};
			name = Release;
		};
/* End XCBuildConfiguration section */

/* Begin XCConfigurationList section */
		DDDCB6AC16A172EE00461FD0 /* Build configuration list for PBXProject "Socialframework_Study" */ = {
			isa = XCConfigurationList;
			buildConfigurations = (
				DDDCB6D416A172EF00461FD0 /* Debug */,
				DDDCB6D516A172EF00461FD0 /* Release */,
			);
			defaultConfigurationIsVisible = 0;
			defaultConfigurationName = Release;
		};
		DDDCB6D616A172EF00461FD0 /* Build configuration list for PBXNativeTarget "Socialframework_Study" */ = {
			isa = XCConfigurationList;
			buildConfigurations = (
				DDDCB6D716A172EF00461FD0 /* Debug */,
				DDDCB6D816A172EF00461FD0 /* Release */,
			);
			defaultConfigurationIsVisible = 0;
			defaultConfigurationName = Release;
		};
/* End XCConfigurationList section */
	};
	rootObject = DDDCB6A916A172EE00461FD0 /* Project object */;
}
